
Microsoft Visual Studio Solution File, Format Version 11.00
# Visual Studio 2010
Project("{FAE04EC0-301F-11D3-BF4B-00C04F79EFBC}") = "ShopifyAPIAdapterLibrary", "ShopifyAPIAdapterLibrary\ShopifyAPIAdapterLibrary.csproj", "{5B37260C-4E1B-415D-98D5-4F0A0AFF9CF6}"
EndProject
Project("{FAE04EC0-301F-11D3-BF4B-00C04F79EFBC}") = "SampleWebApplication", "SampleWebApplication\SampleWebApplication.csproj", "{23ADF1B5-4F0B-4596-B637-769CCF831229}"
EndProject
Global
	GlobalSection(SolutionConfigurationPlatforms) = preSolution
		Debug|Any CPU = Debug|Any CPU
		Release|Any CPU = Release|Any CPU
	EndGlobalSection
	GlobalSection(ProjectConfigurationPlatforms) = postSolution
		{5B37260C-4E1B-415D-98D5-4F0A0AFF9CF6}.Debug|Any CPU.ActiveCfg = Debug|Any CPU
		{5B37260C-4E1B-415D-98D5-4F0A0AFF9CF6}.Debug|Any CPU.Build.0 = Debug|Any CPU
		{5B37260C-4E1B-415D-98D5-4F0A0AFF9CF6}.Release|Any CPU.ActiveCfg = Release|Any CPU
		{5B37260C-4E1B-415D-98D5-4F0A0AFF9CF6}.Release|Any CPU.Build.0 = Release|Any CPU
		{23ADF1B5-4F0B-4596-B637-769CCF831229}.Debug|Any CPU.ActiveCfg = Debug|Any CPU
		{23ADF1B5-4F0B-4596-B637-769CCF831229}.Debug|Any CPU.Build.0 = Debug|Any CPU
		{23ADF1B5-4F0B-4596-B637-769CCF831229}.Release|Any CPU.ActiveCfg = Release|Any CPU
		{23ADF1B5-4F0B-4596-B637-769CCF831229}.Release|Any CPU.Build.0 = Release|Any CPU
	EndGlobalSection
	GlobalSection(SolutionProperties) = preSolution
		HideSolutionNode = FALSE
	EndGlobalSection
EndGlobal
